
Microsoft Visual Studio Solution File, Format Version 12.00
# Visual Studio Version 16
VisualStudioVersion = 16.0.29905.134
MinimumVisualStudioVersion = 10.0.40219.1
Project("{9A19103F-16F7-4668-BE54-9A1E7A4F7556}") = "ConsoleApp1", "app\ConsoleApp1\ConsoleApp1.csproj", "{B127AFA3-4D22-4920-93C3-73AB471F29C8}"
EndProject
Project("{FAE04EC0-301F-11D3-BF4B-00C04F79EFBC}") = "Core", "src\Core\Core.csproj", "{F77F9930-8113-4992-9ED0-B30B20E553FC}"
EndProject
Global
	GlobalSection(SolutionConfigurationPlatforms) = preSolution
		Debug|Any CPU = Debug|Any CPU
		Release|Any CPU = Release|Any CPU
	EndGlobalSection
	GlobalSection(ProjectConfigurationPlatforms) = postSolution
		{B127AFA3-4D22-4920-93C3-73AB471F29C8}.Debug|Any CPU.ActiveCfg = Debug|Any CPU
		{B127AFA3-4D22-4920-93C3-73AB471F29C8}.Debug|Any CPU.Build.0 = Debug|Any CPU
		{B127AFA3-4D22-4920-93C3-73AB471F29C8}.Release|Any CPU.ActiveCfg = Release|Any CPU
		{B127AFA3-4D22-4920-93C3-73AB471F29C8}.Release|Any CPU.Build.0 = Release|Any CPU
		{F77F9930-8113-4992-9ED0-B30B20E553FC}.Debug|Any CPU.ActiveCfg = Debug|Any CPU
		{F77F9930-8113-4992-9ED0-B30B20E553FC}.Debug|Any CPU.Build.0 = Debug|Any CPU
		{F77F9930-8113-4992-9ED0-B30B20E553FC}.Release|Any CPU.ActiveCfg = Release|Any CPU
		{F77F9930-8113-4992-9ED0-B30B20E553FC}.Release|Any CPU.Build.0 = Release|Any CPU
	EndGlobalSection
	GlobalSection(SolutionProperties) = preSolution
		HideSolutionNode = FALSE
	EndGlobalSection
	GlobalSection(ExtensibilityGlobals) = postSolution
		SolutionGuid = {D02828CB-3594-4779-AEDD-95B5B194FD3F}
	EndGlobalSection
EndGlobal
